# THIS IS AN AUTOGENERATED FILE. DO NOT EDIT THIS FILE DIRECTLY.
# yarn lockfile v1


nes.css@^2.1.1:
  version "2.1.1"
  resolved "https://registry.yarnpkg.com/nes.css/-/nes.css-2.1.1.tgz#04709eb87576a813ad8031d92d2e3fe940ecd0c6"
  integrity sha512-NV0d8yeH1rGZyYyUg6UnRKAJVhoqqUFmZXPrmhmE2CGbAzJrpGHQJpV2ts7w+j0RAxQspynYy6DevsFbCecqxQ==
